{
    "_readme": [
        "This file locks the dependencies of your project to a known state",
        "Read more about it at http://getcomposer.org/doc/01-basic-usage.md#composer-lock-the-lock-file",
        "This file is @generated automatically"
    ],
    "hash": "e78a37acfa745d3d46457b0d2eca75f8",
    "packages": [
        {
            "name": "twig/twig",
            "version": "v1.17.0",
            "source": {
                "type": "git",
                "url": "https://github.com/twigphp/Twig.git",
                "reference": "2493970fa4d587eca73f77e6d8bd48a8bdd4c608"
            },
            "dist": {
                "type": "zip",
                "url": "https://api.github.com/repos/twigphp/Twig/zipball/2493970fa4d587eca73f77e6d8bd48a8bdd4c608",
                "reference": "2493970fa4d587eca73f77e6d8bd48a8bdd4c608",
                "shasum": ""
            },
            "require": {
                "php": ">=5.2.4"
            },
            "type": "library",
            "extra": {
                "branch-alias": {
                    "dev-master": "1.17-dev"
                }
            },
            "autoload": {
                "psr-0": {
                    "Twig_": "lib/"
                }
            },
            "notification-url": "https://packagist.org/downloads/",
            "license": [
                "BSD-3-Clause"
            ],
            "authors": [
                {
                    "name": "Fabien Potencier",
                    "email": "fabien@symfony.com",
                    "homepage": "http://fabien.potencier.org",
                    "role": "Lead Developer"
                },
                {
                    "name": "Armin Ronacher",
                    "email": "armin.ronacher@active-4.com",
                    "role": "Project Founder"
                },
                {
                    "name": "Twig Team",
                    "homepage": "http://twig.sensiolabs.org/contributors",
                    "role": "Contributors"
                }
            ],
            "description": "Twig, the flexible, fast, and secure template language for PHP",
            "homepage": "http://twig.sensiolabs.org",
            "keywords": [
                "templating"
            ],
            "time": "2015-01-14 10:15:49"
        },
        {
            "name": "zendesk/zendesk_api_client_php",
            "version": "dev-master",
            "source": {
                "type": "git",
                "url": "https://github.com/zendesk/zendesk_api_client_php.git",
                "reference": "034983456ce8d75e69507f8d79ba297f23819b8d"
            },
            "dist": {
                "type": "zip",
                "url": "https://api.github.com/repos/zendesk/zendesk_api_client_php/zipball/034983456ce8d75e69507f8d79ba297f23819b8d",
                "reference": "034983456ce8d75e69507f8d79ba297f23819b8d",
                "shasum": ""
            },
            "require": {
                "php": ">=5.3.1"
            },
            "require-dev": {
                "phpunit/phpunit": "3.7.*"
            },
            "type": "library",
            "autoload": {
                "psr-0": {
                    "Zendesk\\API\\": "src/"
                }
            },
            "notification-url": "https://packagist.org/downloads/",
            "license": [
                "Apache License Version 2.0"
            ],
            "authors": [
                {
                    "name": "DeVaris Brown",
                    "email": "dbrown@zendesk.com"
                },
                {
                    "name": "John Ginsberg",
                    "email": "john.ginsberg@toptal.com"
                }
            ],
            "description": "PHP Client for Zendesk REST API. See http://developer.zendesk.com/api-docs",
            "homepage": "https://github.com/zendesk/zendesk_api_client_php",
            "time": "2014-10-07 20:37:29"
        }
    ],
    "packages-dev": [],
    "aliases": [
        {
            "alias": "1.0.0",
            "alias_normalized": "1.0.0.0",
            "version": "9999999-dev",
            "package": "zendesk/zendesk_api_client_php"
        }
    ],
    "minimum-stability": "stable",
    "stability-flags": {
        "zendesk/zendesk_api_client_php": 20
    },
    "prefer-stable": false,
    "platform": {
        "php": ">=5.4.19"
    },
    "platform-dev": []
}
